
Microsoft Visual Studio Solution File, Format Version 12.00
# Visual Studio Version 17
VisualStudioVersion = 17.5.002.0
MinimumVisualStudioVersion = 10.0.40219.1
Project("{9A19103F-16F7-4668-BE54-9A1E7A4F7556}") = "NatoPhonetic", "NatoPhonetic.csproj", "{ED167D6B-95B7-4C1B-869F-A44C69AC91D5}"
EndProject
Global
	GlobalSection(SolutionConfigurationPlatforms) = preSolution
		Debug|Any CPU = Debug|Any CPU
		Release|Any CPU = Release|Any CPU
	EndGlobalSection
	GlobalSection(ProjectConfigurationPlatforms) = postSolution
		{ED167D6B-95B7-4C1B-869F-A44C69AC91D5}.Debug|Any CPU.ActiveCfg = Debug|Any CPU
		{ED167D6B-95B7-4C1B-869F-A44C69AC91D5}.Debug|Any CPU.Build.0 = Debug|Any CPU
		{ED167D6B-95B7-4C1B-869F-A44C69AC91D5}.Release|Any CPU.ActiveCfg = Release|Any CPU
		{ED167D6B-95B7-4C1B-869F-A44C69AC91D5}.Release|Any CPU.Build.0 = Release|Any CPU
	EndGlobalSection
	GlobalSection(SolutionProperties) = preSolution
		HideSolutionNode = FALSE
	EndGlobalSection
	GlobalSection(ExtensibilityGlobals) = postSolution
		SolutionGuid = {5587D28F-85E8-41B8-94D6-FF2EA5B6871D}
	EndGlobalSection
EndGlobal
